
Microsoft Visual Studio Solution File, Format Version 12.00
# Visual Studio Version 17
VisualStudioVersion = 17.8.34309.116
MinimumVisualStudioVersion = 10.0.40219.1
Project("{FAE04EC0-301F-11D3-BF4B-00C04F79EFBC}") = "LatihanGithub", "LatihanGithub\LatihanGithub.csproj", "{8E480952-65FE-404E-A0C0-DD23E5C14761}"
EndProject
Global
	GlobalSection(SolutionConfigurationPlatforms) = preSolution
		Debug|Any CPU = Debug|Any CPU
		Release|Any CPU = Release|Any CPU
	EndGlobalSection
	GlobalSection(ProjectConfigurationPlatforms) = postSolution
		{8E480952-65FE-404E-A0C0-DD23E5C14761}.Debug|Any CPU.ActiveCfg = Debug|Any CPU
		{8E480952-65FE-404E-A0C0-DD23E5C14761}.Debug|Any CPU.Build.0 = Debug|Any CPU
		{8E480952-65FE-404E-A0C0-DD23E5C14761}.Release|Any CPU.ActiveCfg = Release|Any CPU
		{8E480952-65FE-404E-A0C0-DD23E5C14761}.Release|Any CPU.Build.0 = Release|Any CPU
	EndGlobalSection
	GlobalSection(SolutionProperties) = preSolution
		HideSolutionNode = FALSE
	EndGlobalSection
	GlobalSection(ExtensibilityGlobals) = postSolution
		SolutionGuid = {BC5D1B99-8E2C-44AB-B002-FCD2991DA3FF}
	EndGlobalSection
EndGlobal
